{
    "_readme": [
        "This file locks the dependencies of your project to a known state",
        "Read more about it at https://getcomposer.org/doc/01-basic-usage.md#composer-lock-the-lock-file",
        "This file is @generated automatically"
    ],
    "content-hash": "270030b096c0e2e13d0bfe8fc4908ca0",
    "packages": [
        {
            "name": "cebe/assetfree-yii2",
            "version": "2.0.13",
            "source": {
                "type": "git",
                "url": "https://github.com/cebe/assetfree-yii2.git",
                "reference": "2e60a9ebdbd642a8bdbab876eae996a613f816b2"
            },
            "dist": {
                "type": "zip",
                "url": "https://api.github.com/repos/cebe/assetfree-yii2/zipball/2e60a9ebdbd642a8bdbab876eae996a613f816b2",
                "reference": "2e60a9ebdbd642a8bdbab876eae996a613f816b2",
                "shasum": ""
            },
            "require": {
                "php": ">=5.4.0",
                "yiisoft/yii2": "~2.0.13.0"
            },
            "conflict": {
                "bower-asset/inputmask": "*",
                "bower-asset/jquery": "*",
                "bower-asset/jquery.inputmask": "*",
                "bower-asset/punycode": "*",
                "bower-asset/yii2-pjax": "*"
            },
            "replace": {
                "bower-asset/inputmask": "*",
                "bower-asset/jquery": "*",
                "bower-asset/jquery.inputmask": "*",
                "bower-asset/punycode": "*",
                "bower-asset/yii2-pjax": "*"
            },
            "type": "library",
            "notification-url": "https://packagist.org/downloads/",
            "description": "A meta package that allows you to install yii2 without composer-asset-plugin.",
            "time": "2017-11-22T11:16:00+00:00"
        },
        {
            "name": "cebe/markdown",
            "version": "dev-master",
            "source": {
                "type": "git",
                "url": "https://github.com/cebe/markdown.git",
                "reference": "fcc325311c4c5e11c4453a405344d02adfa64aa1"
            },
            "dist": {
                "type": "zip",
                "url": "https://api.github.com/repos/cebe/markdown/zipball/fcc325311c4c5e11c4453a405344d02adfa64aa1",
                "reference": "fcc325311c4c5e11c4453a405344d02adfa64aa1",
                "shasum": ""
            },
            "require": {
                "lib-pcre": "*",
                "php": ">=5.4.0"
            },
            "require-dev": {
                "cebe/indent": "*",
                "facebook/xhprof": "*@dev",
                "phpunit/phpunit": "4.1.*"
            },
            "bin": [
                "bin/markdown"
            ],
            "type": "library",
            "extra": {
                "branch-alias": {
                    "dev-master": "1.1.x-dev"
                }
            },
            "autoload": {
                "psr-4": {
                    "cebe\\markdown\\": ""
                }
            },
            "notification-url": "https://packagist.org/downloads/",
            "license": [
                "MIT"
            ],
            "authors": [
                {
                    "name": "Carsten Brandt",
                    "email": "mail@cebe.cc",
                    "homepage": "http://cebe.cc/",
                    "role": "Creator"
                }
            ],
            "description": "A super fast, highly extensible markdown parser for PHP",
            "homepage": "https://github.com/cebe/markdown#readme",
            "keywords": [
                "extensible",
                "fast",
                "gfm",
                "markdown",
                "markdown-extra"
            ],
            "time": "2017-08-22 10:13:04"
        },
        {
            "name": "ezyang/htmlpurifier",
            "version": "v4.9.3",
            "source": {
                "type": "git",
                "url": "https://github.com/ezyang/htmlpurifier.git",
                "reference": "95e1bae3182efc0f3422896a3236e991049dac69"
            },
            "dist": {
                "type": "zip",
                "url": "https://api.github.com/repos/ezyang/htmlpurifier/zipball/95e1bae3182efc0f3422896a3236e991049dac69",
                "reference": "95e1bae3182efc0f3422896a3236e991049dac69",
                "shasum": ""
            },
            "require": {
                "php": ">=5.2"
            },
            "require-dev": {
                "simpletest/simpletest": "^1.1"
            },
            "type": "library",
            "autoload": {
                "psr-0": {
                    "HTMLPurifier": "library/"
                },
                "files": [
                    "library/HTMLPurifier.composer.php"
                ]
            },
            "notification-url": "https://packagist.org/downloads/",
            "license": [
                "LGPL"
            ],
            "authors": [
                {
                    "name": "Edward Z. Yang",
                    "email": "admin@htmlpurifier.org",
                    "homepage": "http://ezyang.com"
                }
            ],
            "description": "Standards compliant HTML filter written in PHP",
            "homepage": "http://htmlpurifier.org/",
            "keywords": [
                "html"
            ],
            "time": "2017-06-03T02:28:16+00:00"
        },
        {
            "name": "yiisoft/yii2",
            "version": "2.0.13.1",
            "source": {
                "type": "git",
                "url": "https://github.com/yiisoft/yii2-framework.git",
                "reference": "7af96d8da5ea3e9a5dd05d0e734b21c5726a6ddf"
            },
            "dist": {
                "type": "zip",
                "url": "https://api.github.com/repos/yiisoft/yii2-framework/zipball/7af96d8da5ea3e9a5dd05d0e734b21c5726a6ddf",
                "reference": "7af96d8da5ea3e9a5dd05d0e734b21c5726a6ddf",
                "shasum": ""
            },
            "require": {
                "bower-asset/inputmask": "~3.2.2 | ~3.3.5",
                "bower-asset/jquery": "3.2.*@stable | 3.1.*@stable | 2.2.*@stable | 2.1.*@stable | 1.11.*@stable | 1.12.*@stable",
                "bower-asset/punycode": "1.3.*",
                "bower-asset/yii2-pjax": "~2.0.1",
                "cebe/markdown": "~1.0.0 | ~1.1.0",
                "ext-ctype": "*",
                "ext-mbstring": "*",
                "ezyang/htmlpurifier": "~4.6",
                "lib-pcre": "*",
                "php": ">=5.4.0",
                "yiisoft/yii2-composer": "~2.0.4"
            },
            "bin": [
                "yii"
            ],
            "type": "library",
            "extra": {
                "branch-alias": {
                    "dev-master": "2.0.x-dev"
                }
            },
            "autoload": {
                "psr-4": {
                    "yii\\": ""
                }
            },
            "notification-url": "https://packagist.org/downloads/",
            "license": [
                "BSD-3-Clause"
            ],
            "authors": [
                {
                    "name": "Qiang Xue",
                    "email": "qiang.xue@gmail.com",
                    "homepage": "http://www.yiiframework.com/",
                    "role": "Founder and project lead"
                },
                {
                    "name": "Alexander Makarov",
                    "email": "sam@rmcreative.ru",
                    "homepage": "http://rmcreative.ru/",
                    "role": "Core framework development"
                },
                {
                    "name": "Maurizio Domba",
                    "homepage": "http://mdomba.info/",
                    "role": "Core framework development"
                },
                {
                    "name": "Carsten Brandt",
                    "email": "mail@cebe.cc",
                    "homepage": "http://cebe.cc/",
                    "role": "Core framework development"
                },
                {
                    "name": "Timur Ruziev",
                    "email": "resurtm@gmail.com",
                    "homepage": "http://resurtm.com/",
                    "role": "Core framework development"
                },
                {
                    "name": "Paul Klimov",
                    "email": "klimov.paul@gmail.com",
                    "role": "Core framework development"
                },
                {
                    "name": "Dmitry Naumenko",
                    "email": "d.naumenko.a@gmail.com",
                    "role": "Core framework development"
                },
                {
                    "name": "Boudewijn Vahrmeijer",
                    "email": "info@dynasource.eu",
                    "homepage": "http://dynasource.eu",
                    "role": "Core framework development"
                }
            ],
            "description": "Yii PHP Framework Version 2",
            "homepage": "http://www.yiiframework.com/",
            "keywords": [
                "framework",
                "yii2"
            ],
            "time": "2017-11-14T11:08:21+00:00"
        },
        {
            "name": "yiisoft/yii2-composer",
            "version": "dev-master",
            "source": {
                "type": "git",
                "url": "https://github.com/yiisoft/yii2-composer.git",
                "reference": "248f7065a352273b15a9f624be63830f360a59f2"
            },
            "dist": {
                "type": "zip",
                "url": "https://api.github.com/repos/yiisoft/yii2-composer/zipball/248f7065a352273b15a9f624be63830f360a59f2",
                "reference": "248f7065a352273b15a9f624be63830f360a59f2",
                "shasum": ""
            },
            "require": {
                "composer-plugin-api": "^1.0"
            },
            "require-dev": {
                "composer/composer": "^1.0"
            },
            "type": "composer-plugin",
            "extra": {
                "class": "yii\\composer\\Plugin",
                "branch-alias": {
                    "dev-master": "2.0.x-dev"
                }
            },
            "autoload": {
                "psr-4": {
                    "yii\\composer\\": ""
                }
            },
            "notification-url": "https://packagist.org/downloads/",
            "license": [
                "BSD-3-Clause"
            ],
            "authors": [
                {
                    "name": "Qiang Xue",
                    "email": "qiang.xue@gmail.com"
                }
            ],
            "description": "The composer plugin for Yii extension installer",
            "keywords": [
                "composer",
                "extension installer",
                "yii2"
            ],
            "time": "2017-08-01 14:22:25"
        }
    ],
    "packages-dev": [],
    "aliases": [],
    "minimum-stability": "dev",
    "stability-flags": [],
    "prefer-stable": false,
    "prefer-lowest": false,
    "platform": {
        "php": ">=5.4.0",
        "ext-curl": "*"
    },
    "platform-dev": []
}
